
Microsoft Visual Studio Solution File, Format Version 12.00
# Visual Studio Version 17
VisualStudioVersion = 17.5.33414.496
MinimumVisualStudioVersion = 10.0.40219.1
Project("{FAE04EC0-301F-11D3-BF4B-00C04F79EFBC}") = "compiler", "compiler\compiler.csproj", "{2CE09A5E-26F4-4C25-91EA-2011B9CBFBDF}"
EndProject
Global
	GlobalSection(SolutionConfigurationPlatforms) = preSolution
		Debug|Any CPU = Debug|Any CPU
		Release|Any CPU = Release|Any CPU
	EndGlobalSection
	GlobalSection(ProjectConfigurationPlatforms) = postSolution
		{2CE09A5E-26F4-4C25-91EA-2011B9CBFBDF}.Debug|Any CPU.ActiveCfg = Debug|Any CPU
		{2CE09A5E-26F4-4C25-91EA-2011B9CBFBDF}.Debug|Any CPU.Build.0 = Debug|Any CPU
		{2CE09A5E-26F4-4C25-91EA-2011B9CBFBDF}.Release|Any CPU.ActiveCfg = Release|Any CPU
		{2CE09A5E-26F4-4C25-91EA-2011B9CBFBDF}.Release|Any CPU.Build.0 = Release|Any CPU
	EndGlobalSection
	GlobalSection(SolutionProperties) = preSolution
		HideSolutionNode = FALSE
	EndGlobalSection
	GlobalSection(ExtensibilityGlobals) = postSolution
		SolutionGuid = {0F06F7B6-E5B0-4B78-A6E2-76CE0FAA9447}
	EndGlobalSection
EndGlobal
